
Microsoft Visual Studio Solution File, Format Version 12.00
# Visual Studio Version 17
VisualStudioVersion = 17.3.32825.248
MinimumVisualStudioVersion = 10.0.40219.1
Project("{9A19103F-16F7-4668-BE54-9A1E7A4F7556}") = "Model", "Model\Model.csproj", "{45EC697B-D594-4469-A62D-D8E3B106B9ED}"
EndProject
Project("{9A19103F-16F7-4668-BE54-9A1E7A4F7556}") = "DataAccess", "DataAccess\DataAccess.csproj", "{819BB683-2E85-4844-82C7-566AAE6C6921}"
EndProject
Project("{9A19103F-16F7-4668-BE54-9A1E7A4F7556}") = "Utility", "Utility\Utility.csproj", "{CF402614-4721-417E-8755-A4A498C105E7}"
EndProject
Project("{FAE04EC0-301F-11D3-BF4B-00C04F79EFBC}") = "HRM_MVC", "HRM_MVC\HRM_MVC.csproj", "{A9D141A1-4866-4284-8A5E-B905604DA8E0}"
EndProject
Global
	GlobalSection(SolutionConfigurationPlatforms) = preSolution
		Debug|Any CPU = Debug|Any CPU
		Release|Any CPU = Release|Any CPU
	EndGlobalSection
	GlobalSection(ProjectConfigurationPlatforms) = postSolution
		{45EC697B-D594-4469-A62D-D8E3B106B9ED}.Debug|Any CPU.ActiveCfg = Debug|Any CPU
		{45EC697B-D594-4469-A62D-D8E3B106B9ED}.Debug|Any CPU.Build.0 = Debug|Any CPU
		{45EC697B-D594-4469-A62D-D8E3B106B9ED}.Release|Any CPU.ActiveCfg = Release|Any CPU
		{45EC697B-D594-4469-A62D-D8E3B106B9ED}.Release|Any CPU.Build.0 = Release|Any CPU
		{819BB683-2E85-4844-82C7-566AAE6C6921}.Debug|Any CPU.ActiveCfg = Debug|Any CPU
		{819BB683-2E85-4844-82C7-566AAE6C6921}.Debug|Any CPU.Build.0 = Debug|Any CPU
		{819BB683-2E85-4844-82C7-566AAE6C6921}.Release|Any CPU.ActiveCfg = Release|Any CPU
		{819BB683-2E85-4844-82C7-566AAE6C6921}.Release|Any CPU.Build.0 = Release|Any CPU
		{CF402614-4721-417E-8755-A4A498C105E7}.Debug|Any CPU.ActiveCfg = Debug|Any CPU
		{CF402614-4721-417E-8755-A4A498C105E7}.Debug|Any CPU.Build.0 = Debug|Any CPU
		{CF402614-4721-417E-8755-A4A498C105E7}.Release|Any CPU.ActiveCfg = Release|Any CPU
		{CF402614-4721-417E-8755-A4A498C105E7}.Release|Any CPU.Build.0 = Release|Any CPU
		{A9D141A1-4866-4284-8A5E-B905604DA8E0}.Debug|Any CPU.ActiveCfg = Debug|Any CPU
		{A9D141A1-4866-4284-8A5E-B905604DA8E0}.Debug|Any CPU.Build.0 = Debug|Any CPU
		{A9D141A1-4866-4284-8A5E-B905604DA8E0}.Release|Any CPU.ActiveCfg = Release|Any CPU
		{A9D141A1-4866-4284-8A5E-B905604DA8E0}.Release|Any CPU.Build.0 = Release|Any CPU
	EndGlobalSection
	GlobalSection(SolutionProperties) = preSolution
		HideSolutionNode = FALSE
	EndGlobalSection
	GlobalSection(ExtensibilityGlobals) = postSolution
		SolutionGuid = {A9776D4C-D1A0-4634-BDFC-86FDACC444AA}
	EndGlobalSection
EndGlobal
